// !$*UTF8*$!
{
	archiveVersion = 1;
	classes = {
	};
	objectVersion = 56;
	objects = {

/* Begin PBXBuildFile section */
		0004D260046D9132D26C0CE3 /* Pods_WeatherForecast.framework in Frameworks */ = {isa = PBXBuildFile; fileRef = D04296BA83A28C72FE1969EB /* Pods_WeatherForecast.framework */; };
		D1EAD81C2ADEC7F900262740 /* AppDelegate.swift in Sources */ = {isa = PBXBuildFile; fileRef = D1EAD81B2ADEC7F900262740 /* AppDelegate.swift */; };
		D1EAD81E2ADEC7F900262740 /* SceneDelegate.swift in Sources */ = {isa = PBXBuildFile; fileRef = D1EAD81D2ADEC7F900262740 /* SceneDelegate.swift */; };
		D1EAD8202ADEC7F900262740 /* WeatherViewController.swift in Sources */ = {isa = PBXBuildFile; fileRef = D1EAD81F2ADEC7F900262740 /* WeatherViewController.swift */; };
		D1EAD8232ADEC7F900262740 /* Main.storyboard in Resources */ = {isa = PBXBuildFile; fileRef = D1EAD8212ADEC7F900262740 /* Main.storyboard */; };
		D1EAD8252ADEC7FA00262740 /* Assets.xcassets in Resources */ = {isa = PBXBuildFile; fileRef = D1EAD8242ADEC7FA00262740 /* Assets.xcassets */; };
		D1EAD8362AE7FF3B00262740 /* WeatherService.swift in Sources */ = {isa = PBXBuildFile; fileRef = D1EAD8352AE7FF3B00262740 /* WeatherService.swift */; };
		D1EAD83C2AE8052200262740 /* WeatherData.swift in Sources */ = {isa = PBXBuildFile; fileRef = D1EAD83B2AE8052200262740 /* WeatherData.swift */; };
		D1EAD83F2AEE622700262740 /* CitySearchViewController.swift in Sources */ = {isa = PBXBuildFile; fileRef = D1EAD83E2AEE622700262740 /* CitySearchViewController.swift */; };
		D1EAD8432AF3AFA400262740 /* CityCell.swift in Sources */ = {isa = PBXBuildFile; fileRef = D1EAD8422AF3AFA300262740 /* CityCell.swift */; };
/* End PBXBuildFile section */

/* Begin PBXFileReference section */
		72923743803CC0A55F5C6502 /* Pods-WeatherForecast.release.xcconfig */ = {isa = PBXFileReference; includeInIndex = 1; lastKnownFileType = text.xcconfig; name = "Pods-WeatherForecast.release.xcconfig"; path = "Target Support Files/Pods-WeatherForecast/Pods-WeatherForecast.release.xcconfig"; sourceTree = "<group>"; };
		D04296BA83A28C72FE1969EB /* Pods_WeatherForecast.framework */ = {isa = PBXFileReference; explicitFileType = wrapper.framework; includeInIndex = 0; path = Pods_WeatherForecast.framework; sourceTree = BUILT_PRODUCTS_DIR; };
		D1EAD8182ADEC7F900262740 /* WeatherForecast.app */ = {isa = PBXFileReference; explicitFileType = wrapper.application; includeInIndex = 0; path = WeatherForecast.app; sourceTree = BUILT_PRODUCTS_DIR; };
		D1EAD81B2ADEC7F900262740 /* AppDelegate.swift */ = {isa = PBXFileReference; lastKnownFileType = sourcecode.swift; path = AppDelegate.swift; sourceTree = "<group>"; };
		D1EAD81D2ADEC7F900262740 /* SceneDelegate.swift */ = {isa = PBXFileReference; lastKnownFileType = sourcecode.swift; path = SceneDelegate.swift; sourceTree = "<group>"; };
		D1EAD81F2ADEC7F900262740 /* WeatherViewController.swift */ = {isa = PBXFileReference; lastKnownFileType = sourcecode.swift; path = WeatherViewController.swift; sourceTree = "<group>"; };
		D1EAD8222ADEC7F900262740 /* Base */ = {isa = PBXFileReference; lastKnownFileType = file.storyboard; name = Base; path = Base.lproj/Main.storyboard; sourceTree = "<group>"; };
		D1EAD8242ADEC7FA00262740 /* Assets.xcassets */ = {isa = PBXFileReference; lastKnownFileType = folder.assetcatalog; path = Assets.xcassets; sourceTree = "<group>"; };
		D1EAD8292ADEC7FA00262740 /* Info.plist */ = {isa = PBXFileReference; lastKnownFileType = text.plist.xml; path = Info.plist; sourceTree = "<group>"; };
		D1EAD8352AE7FF3B00262740 /* WeatherService.swift */ = {isa = PBXFileReference; lastKnownFileType = sourcecode.swift; path = WeatherService.swift; sourceTree = "<group>"; };
		D1EAD83B2AE8052200262740 /* WeatherData.swift */ = {isa = PBXFileReference; lastKnownFileType = sourcecode.swift; path = WeatherData.swift; sourceTree = "<group>"; };
		D1EAD83E2AEE622700262740 /* CitySearchViewController.swift */ = {isa = PBXFileReference; lastKnownFileType = sourcecode.swift; path = CitySearchViewController.swift; sourceTree = "<group>"; };
		D1EAD8422AF3AFA300262740 /* CityCell.swift */ = {isa = PBXFileReference; lastKnownFileType = sourcecode.swift; path = CityCell.swift; sourceTree = "<group>"; };
		FB56E7F5BCE7CBBC08557B32 /* Pods-WeatherForecast.debug.xcconfig */ = {isa = PBXFileReference; includeInIndex = 1; lastKnownFileType = text.xcconfig; name = "Pods-WeatherForecast.debug.xcconfig"; path = "Target Support Files/Pods-WeatherForecast/Pods-WeatherForecast.debug.xcconfig"; sourceTree = "<group>"; };
/* End PBXFileReference section */

/* Begin PBXFrameworksBuildPhase section */
		D1EAD8152ADEC7F900262740 /* Frameworks */ = {
			isa = PBXFrameworksBuildPhase;
			buildActionMask = 2147483647;
			files = (
				0004D260046D9132D26C0CE3 /* Pods_WeatherForecast.framework in Frameworks */,
			);
			runOnlyForDeploymentPostprocessing = 0;
		};
/* End PBXFrameworksBuildPhase section */

/* Begin PBXGroup section */
		5393B706E2E2BBBBFA809669 /* Pods */ = {
			isa = PBXGroup;
			children = (
				FB56E7F5BCE7CBBC08557B32 /* Pods-WeatherForecast.debug.xcconfig */,
				72923743803CC0A55F5C6502 /* Pods-WeatherForecast.release.xcconfig */,
			);
			path = Pods;
			sourceTree = "<group>";
		};
		6435989F8E481B808455090E /* Frameworks */ = {
			isa = PBXGroup;
			children = (
				D04296BA83A28C72FE1969EB /* Pods_WeatherForecast.framework */,
			);
			name = Frameworks;
			sourceTree = "<group>";
		};
		D1EAD80F2ADEC7F900262740 = {
			isa = PBXGroup;
			children = (
				D1EAD81A2ADEC7F900262740 /* WeatherForecast */,
				D1EAD8192ADEC7F900262740 /* Products */,
				5393B706E2E2BBBBFA809669 /* Pods */,
				6435989F8E481B808455090E /* Frameworks */,
			);
			sourceTree = "<group>";
		};
		D1EAD8192ADEC7F900262740 /* Products */ = {
			isa = PBXGroup;
			children = (
				D1EAD8182ADEC7F900262740 /* WeatherForecast.app */,
			);
			name = Products;
			sourceTree = "<group>";
		};
		D1EAD81A2ADEC7F900262740 /* WeatherForecast */ = {
			isa = PBXGroup;
			children = (
				D1EAD8312AE7FE2D00262740 /* App */,
				D1EAD8372AE8029A00262740 /* Model */,
				D1EAD83D2AEE61CE00262740 /* Workflow */,
				D1EAD8242ADEC7FA00262740 /* Assets.xcassets */,
				D1EAD8212ADEC7F900262740 /* Main.storyboard */,
				D1EAD8292ADEC7FA00262740 /* Info.plist */,
			);
			path = WeatherForecast;
			sourceTree = "<group>";
		};
		D1EAD8312AE7FE2D00262740 /* App */ = {
			isa = PBXGroup;
			children = (
				D1EAD81B2ADEC7F900262740 /* AppDelegate.swift */,
				D1EAD81D2ADEC7F900262740 /* SceneDelegate.swift */,
			);
			path = App;
			sourceTree = "<group>";
		};
		D1EAD8322AE7FE6600262740 /* Network */ = {
			isa = PBXGroup;
			children = (
				D1EAD8352AE7FF3B00262740 /* WeatherService.swift */,
			);
			path = Network;
			sourceTree = "<group>";
		};
		D1EAD8372AE8029A00262740 /* Model */ = {
			isa = PBXGroup;
			children = (
				D1EAD8322AE7FE6600262740 /* Network */,
				D1EAD8382AE802B000262740 /* Constants */,
			);
			path = Model;
			sourceTree = "<group>";
		};
		D1EAD8382AE802B000262740 /* Constants */ = {
			isa = PBXGroup;
			children = (
				D1EAD83B2AE8052200262740 /* WeatherData.swift */,
			);
			path = Constants;
			sourceTree = "<group>";
		};
		D1EAD83D2AEE61CE00262740 /* Workflow */ = {
			isa = PBXGroup;
			children = (
				D1EAD81F2ADEC7F900262740 /* WeatherViewController.swift */,
				D1EAD83E2AEE622700262740 /* CitySearchViewController.swift */,
				D1EAD8422AF3AFA300262740 /* CityCell.swift */,
			);
			path = Workflow;
			sourceTree = "<group>";
		};
/* End PBXGroup section */

/* Begin PBXNativeTarget section */
		D1EAD8172ADEC7F900262740 /* WeatherForecast */ = {
			isa = PBXNativeTarget;
			buildConfigurationList = D1EAD82C2ADEC7FA00262740 /* Build configuration list for PBXNativeTarget "WeatherForecast" */;
			buildPhases = (
				310EEA1083764661E15842D4 /* [CP] Check Pods Manifest.lock */,
				D1EAD8142ADEC7F900262740 /* Sources */,
				D1EAD8152ADEC7F900262740 /* Frameworks */,
				D1EAD8162ADEC7F900262740 /* Resources */,
				F2D6B6172FD4A01620271E57 /* [CP] Embed Pods Frameworks */,
			);
			buildRules = (
			);
			dependencies = (
			);
			name = WeatherForecast;
			productName = WeatherForecast;
			productReference = D1EAD8182ADEC7F900262740 /* WeatherForecast.app */;
			productType = "com.apple.product-type.application";
		};
/* End PBXNativeTarget section */

/* Begin PBXProject section */
		D1EAD8102ADEC7F900262740 /* Project object */ = {
			isa = PBXProject;
			attributes = {
				BuildIndependentTargetsInParallel = 1;
				LastSwiftUpdateCheck = 1430;
				LastUpgradeCheck = 1430;
				TargetAttributes = {
					D1EAD8172ADEC7F900262740 = {
						CreatedOnToolsVersion = 14.3.1;
					};
				};
			};
			buildConfigurationList = D1EAD8132ADEC7F900262740 /* Build configuration list for PBXProject "WeatherForecast" */;
			compatibilityVersion = "Xcode 14.0";
			developmentRegion = en;
			hasScannedForEncodings = 0;
			knownRegions = (
				en,
				Base,
			);
			mainGroup = D1EAD80F2ADEC7F900262740;
			productRefGroup = D1EAD8192ADEC7F900262740 /* Products */;
			projectDirPath = "";
			projectRoot = "";
			targets = (
				D1EAD8172ADEC7F900262740 /* WeatherForecast */,
			);
		};
/* End PBXProject section */

/* Begin PBXResourcesBuildPhase section */
		D1EAD8162ADEC7F900262740 /* Resources */ = {
			isa = PBXResourcesBuildPhase;
			buildActionMask = 2147483647;
			files = (
				D1EAD8252ADEC7FA00262740 /* Assets.xcassets in Resources */,
				D1EAD8232ADEC7F900262740 /* Main.storyboard in Resources */,
			);
			runOnlyForDeploymentPostprocessing = 0;
		};
/* End PBXResourcesBuildPhase section */

/* Begin PBXShellScriptBuildPhase section */
		310EEA1083764661E15842D4 /* [CP] Check Pods Manifest.lock */ = {
			isa = PBXShellScriptBuildPhase;
			buildActionMask = 2147483647;
			files = (
			);
			inputFileListPaths = (
			);
			inputPaths = (
				"${PODS_PODFILE_DIR_PATH}/Podfile.lock",
				"${PODS_ROOT}/Manifest.lock",
			);
			name = "[CP] Check Pods Manifest.lock";
			outputFileListPaths = (
			);
			outputPaths = (
				"$(DERIVED_FILE_DIR)/Pods-WeatherForecast-checkManifestLockResult.txt",
			);
			runOnlyForDeploymentPostprocessing = 0;
			shellPath = /bin/sh;
			shellScript = "diff \"${PODS_PODFILE_DIR_PATH}/Podfile.lock\" \"${PODS_ROOT}/Manifest.lock\" > /dev/null\nif [ $? != 0 ] ; then\n    # print error to STDERR\n    echo \"error: The sandbox is not in sync with the Podfile.lock. Run 'pod install' or update your CocoaPods installation.\" >&2\n    exit 1\nfi\n# This output is used by Xcode 'outputs' to avoid re-running this script phase.\necho \"SUCCESS\" > \"${SCRIPT_OUTPUT_FILE_0}\"\n";
			showEnvVarsInLog = 0;
		};
		F2D6B6172FD4A01620271E57 /* [CP] Embed Pods Frameworks */ = {
			isa = PBXShellScriptBuildPhase;
			buildActionMask = 2147483647;
			files = (
			);
			inputFileListPaths = (
				"${PODS_ROOT}/Target Support Files/Pods-WeatherForecast/Pods-WeatherForecast-frameworks-${CONFIGURATION}-input-files.xcfilelist",
			);
			name = "[CP] Embed Pods Frameworks";
			outputFileListPaths = (
				"${PODS_ROOT}/Target Support Files/Pods-WeatherForecast/Pods-WeatherForecast-frameworks-${CONFIGURATION}-output-files.xcfilelist",
			);
			runOnlyForDeploymentPostprocessing = 0;
			shellPath = /bin/sh;
			shellScript = "\"${PODS_ROOT}/Target Support Files/Pods-WeatherForecast/Pods-WeatherForecast-frameworks.sh\"\n";
			showEnvVarsInLog = 0;
		};
/* End PBXShellScriptBuildPhase section */

/* Begin PBXSourcesBuildPhase section */
		D1EAD8142ADEC7F900262740 /* Sources */ = {
			isa = PBXSourcesBuildPhase;
			buildActionMask = 2147483647;
			files = (
				D1EAD8362AE7FF3B00262740 /* WeatherService.swift in Sources */,
				D1EAD8202ADEC7F900262740 /* WeatherViewController.swift in Sources */,
				D1EAD81C2ADEC7F900262740 /* AppDelegate.swift in Sources */,
				D1EAD83F2AEE622700262740 /* CitySearchViewController.swift in Sources */,
				D1EAD83C2AE8052200262740 /* WeatherData.swift in Sources */,
				D1EAD8432AF3AFA400262740 /* CityCell.swift in Sources */,
				D1EAD81E2ADEC7F900262740 /* SceneDelegate.swift in Sources */,
			);
			runOnlyForDeploymentPostprocessing = 0;
		};
/* End PBXSourcesBuildPhase section */

/* Begin PBXVariantGroup section */
		D1EAD8212ADEC7F900262740 /* Main.storyboard */ = {
			isa = PBXVariantGroup;
			children = (
				D1EAD8222ADEC7F900262740 /* Base */,
			);
			name = Main.storyboard;
			sourceTree = "<group>";
		};
/* End PBXVariantGroup section */

/* Begin XCBuildConfiguration section */
		D1EAD82A2ADEC7FA00262740 /* Debug */ = {
			isa = XCBuildConfiguration;
			buildSettings = {
				ALWAYS_SEARCH_USER_PATHS = NO;
				CLANG_ANALYZER_NONNULL = YES;
				CLANG_ANALYZER_NUMBER_OBJECT_CONVERSION = YES_AGGRESSIVE;
				CLANG_CXX_LANGUAGE_STANDARD = "gnu++20";
				CLANG_ENABLE_MODULES = YES;
				CLANG_ENABLE_OBJC_ARC = YES;
				CLANG_ENABLE_OBJC_WEAK = YES;
				CLANG_WARN_BLOCK_CAPTURE_AUTORELEASING = YES;
				CLANG_WARN_BOOL_CONVERSION = YES;
				CLANG_WARN_COMMA = YES;
				CLANG_WARN_CONSTANT_CONVERSION = YES;
				CLANG_WARN_DEPRECATED_OBJC_IMPLEMENTATIONS = YES;
				CLANG_WARN_DIRECT_OBJC_ISA_USAGE = YES_ERROR;
				CLANG_WARN_DOCUMENTATION_COMMENTS = YES;
				CLANG_WARN_EMPTY_BODY = YES;
				CLANG_WARN_ENUM_CONVERSION = YES;
				CLANG_WARN_INFINITE_RECURSION = YES;
				CLANG_WARN_INT_CONVERSION = YES;
				CLANG_WARN_NON_LITERAL_NULL_CONVERSION = YES;
				CLANG_WARN_OBJC_IMPLICIT_RETAIN_SELF = YES;
				CLANG_WARN_OBJC_LITERAL_CONVERSION = YES;
				CLANG_WARN_OBJC_ROOT_CLASS = YES_ERROR;
				CLANG_WARN_QUOTED_INCLUDE_IN_FRAMEWORK_HEADER = YES;
				CLANG_WARN_RANGE_LOOP_ANALYSIS = YES;
				CLANG_WARN_STRICT_PROTOTYPES = YES;
				CLANG_WARN_SUSPICIOUS_MOVE = YES;
				CLANG_WARN_UNGUARDED_AVAILABILITY = YES_AGGRESSIVE;
				CLANG_WARN_UNREACHABLE_CODE = YES;
				CLANG_WARN__DUPLICATE_METHOD_MATCH = YES;
				COPY_PHASE_STRIP = NO;
				DEBUG_INFORMATION_FORMAT = dwarf;
				ENABLE_STRICT_OBJC_MSGSEND = YES;
				ENABLE_TESTABILITY = YES;
				GCC_C_LANGUAGE_STANDARD = gnu11;
				GCC_DYNAMIC_NO_PIC = NO;
				GCC_NO_COMMON_BLOCKS = YES;
				GCC_OPTIMIZATION_LEVEL = 0;
				GCC_PREPROCESSOR_DEFINITIONS = (
					"DEBUG=1",
					"$(inherited)",
				);
				GCC_WARN_64_TO_32_BIT_CONVERSION = YES;
				GCC_WARN_ABOUT_RETURN_TYPE = YES_ERROR;
				GCC_WARN_UNDECLARED_SELECTOR = YES;
				GCC_WARN_UNINITIALIZED_AUTOS = YES_AGGRESSIVE;
				GCC_WARN_UNUSED_FUNCTION = YES;
				GCC_WARN_UNUSED_VARIABLE = YES;
				IPHONEOS_DEPLOYMENT_TARGET = 16.4;
				MTL_ENABLE_DEBUG_INFO = INCLUDE_SOURCE;
				MTL_FAST_MATH = YES;
				ONLY_ACTIVE_ARCH = YES;
				SDKROOT = iphoneos;
				SWIFT_ACTIVE_COMPILATION_CONDITIONS = DEBUG;
				SWIFT_OPTIMIZATION_LEVEL = "-Onone";
			};
			name = Debug;
		};
		D1EAD82B2ADEC7FA00262740 /* Release */ = {
			isa = XCBuildConfiguration;
			buildSettings = {
				ALWAYS_SEARCH_USER_PATHS = NO;
				CLANG_ANALYZER_NONNULL = YES;
				CLANG_ANALYZER_NUMBER_OBJECT_CONVERSION = YES_AGGRESSIVE;
				CLANG_CXX_LANGUAGE_STANDARD = "gnu++20";
				CLANG_ENABLE_MODULES = YES;
				CLANG_ENABLE_OBJC_ARC = YES;
				CLANG_ENABLE_OBJC_WEAK = YES;
				CLANG_WARN_BLOCK_CAPTURE_AUTORELEASING = YES;
				CLANG_WARN_BOOL_CONVERSION = YES;
				CLANG_WARN_COMMA = YES;
				CLANG_WARN_CONSTANT_CONVERSION = YES;
				CLANG_WARN_DEPRECATED_OBJC_IMPLEMENTATIONS = YES;
				CLANG_WARN_DIRECT_OBJC_ISA_USAGE = YES_ERROR;
				CLANG_WARN_DOCUMENTATION_COMMENTS = YES;
				CLANG_WARN_EMPTY_BODY = YES;
				CLANG_WARN_ENUM_CONVERSION = YES;
				CLANG_WARN_INFINITE_RECURSION = YES;
				CLANG_WARN_INT_CONVERSION = YES;
				CLANG_WARN_NON_LITERAL_NULL_CONVERSION = YES;
				CLANG_WARN_OBJC_IMPLICIT_RETAIN_SELF = YES;
				CLANG_WARN_OBJC_LITERAL_CONVERSION = YES;
				CLANG_WARN_OBJC_ROOT_CLASS = YES_ERROR;
				CLANG_WARN_QUOTED_INCLUDE_IN_FRAMEWORK_HEADER = YES;
				CLANG_WARN_RANGE_LOOP_ANALYSIS = YES;
				CLANG_WARN_STRICT_PROTOTYPES = YES;
				CLANG_WARN_SUSPICIOUS_MOVE = YES;
				CLANG_WARN_UNGUARDED_AVAILABILITY = YES_AGGRESSIVE;
				CLANG_WARN_UNREACHABLE_CODE = YES;
				CLANG_WARN__DUPLICATE_METHOD_MATCH = YES;
				COPY_PHASE_STRIP = NO;
				DEBUG_INFORMATION_FORMAT = "dwarf-with-dsym";
				ENABLE_NS_ASSERTIONS = NO;
				ENABLE_STRICT_OBJC_MSGSEND = YES;
				GCC_C_LANGUAGE_STANDARD = gnu11;
				GCC_NO_COMMON_BLOCKS = YES;
				GCC_WARN_64_TO_32_BIT_CONVERSION = YES;
				GCC_WARN_ABOUT_RETURN_TYPE = YES_ERROR;
				GCC_WARN_UNDECLARED_SELECTOR = YES;
				GCC_WARN_UNINITIALIZED_AUTOS = YES_AGGRESSIVE;
				GCC_WARN_UNUSED_FUNCTION = YES;
				GCC_WARN_UNUSED_VARIABLE = YES;
				IPHONEOS_DEPLOYMENT_TARGET = 16.4;
				MTL_ENABLE_DEBUG_INFO = NO;
				MTL_FAST_MATH = YES;
				SDKROOT = iphoneos;
				SWIFT_COMPILATION_MODE = wholemodule;
				SWIFT_OPTIMIZATION_LEVEL = "-O";
				VALIDATE_PRODUCT = YES;
			};
			name = Release;
		};
		D1EAD82D2ADEC7FA00262740 /* Debug */ = {
			isa = XCBuildConfiguration;
			baseConfigurationReference = FB56E7F5BCE7CBBC08557B32 /* Pods-WeatherForecast.debug.xcconfig */;
			buildSettings = {
				ASSETCATALOG_COMPILER_APPICON_NAME = AppIcon;
				ASSETCATALOG_COMPILER_GLOBAL_ACCENT_COLOR_NAME = AccentColor;
				CODE_SIGN_STYLE = Automatic;
				CURRENT_PROJECT_VERSION = 1;
				GENERATE_INFOPLIST_FILE = YES;
				INFOPLIST_FILE = WeatherForecast/Info.plist;
				INFOPLIST_KEY_UIApplicationSupportsIndirectInputEvents = YES;
				INFOPLIST_KEY_UILaunchStoryboardName = LaunchScreen;
				INFOPLIST_KEY_UISupportedInterfaceOrientations_iPad = "UIInterfaceOrientationPortrait UIInterfaceOrientationPortraitUpsideDown UIInterfaceOrientationLandscapeLeft UIInterfaceOrientationLandscapeRight";
				INFOPLIST_KEY_UISupportedInterfaceOrientations_iPhone = "UIInterfaceOrientationPortrait UIInterfaceOrientationLandscapeLeft UIInterfaceOrientationLandscapeRight";
				LD_RUNPATH_SEARCH_PATHS = (
					"$(inherited)",
					"@executable_path/Frameworks",
				);
				MARKETING_VERSION = 1.0;
				PRODUCT_BUNDLE_IDENTIFIER = swe.WeatherForecast;
				PRODUCT_NAME = "$(TARGET_NAME)";
				SWIFT_EMIT_LOC_STRINGS = YES;
				SWIFT_VERSION = 5.0;
				TARGETED_DEVICE_FAMILY = "1,2";
			};
			name = Debug;
		};
		D1EAD82E2ADEC7FA00262740 /* Release */ = {
			isa = XCBuildConfiguration;
			baseConfigurationReference = 72923743803CC0A55F5C6502 /* Pods-WeatherForecast.release.xcconfig */;
			buildSettings = {
				ASSETCATALOG_COMPILER_APPICON_NAME = AppIcon;
				ASSETCATALOG_COMPILER_GLOBAL_ACCENT_COLOR_NAME = AccentColor;
				CODE_SIGN_STYLE = Automatic;
				CURRENT_PROJECT_VERSION = 1;
				GENERATE_INFOPLIST_FILE = YES;
				INFOPLIST_FILE = WeatherForecast/Info.plist;
				INFOPLIST_KEY_UIApplicationSupportsIndirectInputEvents = YES;
				INFOPLIST_KEY_UILaunchStoryboardName = LaunchScreen;
				INFOPLIST_KEY_UISupportedInterfaceOrientations_iPad = "UIInterfaceOrientationPortrait UIInterfaceOrientationPortraitUpsideDown UIInterfaceOrientationLandscapeLeft UIInterfaceOrientationLandscapeRight";
				INFOPLIST_KEY_UISupportedInterfaceOrientations_iPhone = "UIInterfaceOrientationPortrait UIInterfaceOrientationLandscapeLeft UIInterfaceOrientationLandscapeRight";
				LD_RUNPATH_SEARCH_PATHS = (
					"$(inherited)",
					"@executable_path/Frameworks",
				);
				MARKETING_VERSION = 1.0;
				PRODUCT_BUNDLE_IDENTIFIER = swe.WeatherForecast;
				PRODUCT_NAME = "$(TARGET_NAME)";
				SWIFT_EMIT_LOC_STRINGS = YES;
				SWIFT_VERSION = 5.0;
				TARGETED_DEVICE_FAMILY = "1,2";
			};
			name = Release;
		};
/* End XCBuildConfiguration section */

/* Begin XCConfigurationList section */
		D1EAD8132ADEC7F900262740 /* Build configuration list for PBXProject "WeatherForecast" */ = {
			isa = XCConfigurationList;
			buildConfigurations = (
				D1EAD82A2ADEC7FA00262740 /* Debug */,
				D1EAD82B2ADEC7FA00262740 /* Release */,
			);
			defaultConfigurationIsVisible = 0;
			defaultConfigurationName = Release;
		};
		D1EAD82C2ADEC7FA00262740 /* Build configuration list for PBXNativeTarget "WeatherForecast" */ = {
			isa = XCConfigurationList;
			buildConfigurations = (
				D1EAD82D2ADEC7FA00262740 /* Debug */,
				D1EAD82E2ADEC7FA00262740 /* Release */,
			);
			defaultConfigurationIsVisible = 0;
			defaultConfigurationName = Release;
		};
/* End XCConfigurationList section */
	};
	rootObject = D1EAD8102ADEC7F900262740 /* Project object */;
}
